
Microsoft Visual Studio Solution File, Format Version 12.00
# Visual Studio Version 16
VisualStudioVersion = 16.0.31129.286
MinimumVisualStudioVersion = 10.0.40219.1
Project("{FAE04EC0-301F-11D3-BF4B-00C04F79EFBC}") = "Bai16", "Bai16\Bai16.csproj", "{BBA59338-C9DB-485E-B855-1CAC2A271168}"
EndProject
Global
	GlobalSection(SolutionConfigurationPlatforms) = preSolution
		Debug|Any CPU = Debug|Any CPU
		Release|Any CPU = Release|Any CPU
	EndGlobalSection
	GlobalSection(ProjectConfigurationPlatforms) = postSolution
		{BBA59338-C9DB-485E-B855-1CAC2A271168}.Debug|Any CPU.ActiveCfg = Debug|Any CPU
		{BBA59338-C9DB-485E-B855-1CAC2A271168}.Debug|Any CPU.Build.0 = Debug|Any CPU
		{BBA59338-C9DB-485E-B855-1CAC2A271168}.Release|Any CPU.ActiveCfg = Release|Any CPU
		{BBA59338-C9DB-485E-B855-1CAC2A271168}.Release|Any CPU.Build.0 = Release|Any CPU
	EndGlobalSection
	GlobalSection(SolutionProperties) = preSolution
		HideSolutionNode = FALSE
	EndGlobalSection
	GlobalSection(ExtensibilityGlobals) = postSolution
		SolutionGuid = {0249A9A8-F8E1-4292-98F9-D68F4DAE920E}
	EndGlobalSection
EndGlobal
